
Microsoft Visual Studio Solution File, Format Version 12.00
# Visual Studio Version 17
VisualStudioVersion = 17.4.33213.308
MinimumVisualStudioVersion = 10.0.40219.1
Project("{9A19103F-16F7-4668-BE54-9A1E7A4F7556}") = "Demo.PL", "Demo.PL\Demo.PL.csproj", "{5DB2F9C0-716A-41D7-ABC8-4D83E98BB555}"
EndProject
Project("{9A19103F-16F7-4668-BE54-9A1E7A4F7556}") = "Demo.BLL", "Demo.BLL\Demo.BLL.csproj", "{47BC37DC-8D21-467F-A4FB-51433AF95055}"
EndProject
Project("{FAE04EC0-301F-11D3-BF4B-00C04F79EFBC}") = "Demo.DAL", "Demo.DAL\Demo.DAL.csproj", "{71B8EE9A-82BE-43C9-A990-8A894EBC5AA0}"
EndProject
Global
	GlobalSection(SolutionConfigurationPlatforms) = preSolution
		Debug|Any CPU = Debug|Any CPU
		Release|Any CPU = Release|Any CPU
	EndGlobalSection
	GlobalSection(ProjectConfigurationPlatforms) = postSolution
		{5DB2F9C0-716A-41D7-ABC8-4D83E98BB555}.Debug|Any CPU.ActiveCfg = Debug|Any CPU
		{5DB2F9C0-716A-41D7-ABC8-4D83E98BB555}.Debug|Any CPU.Build.0 = Debug|Any CPU
		{5DB2F9C0-716A-41D7-ABC8-4D83E98BB555}.Release|Any CPU.ActiveCfg = Release|Any CPU
		{5DB2F9C0-716A-41D7-ABC8-4D83E98BB555}.Release|Any CPU.Build.0 = Release|Any CPU
		{47BC37DC-8D21-467F-A4FB-51433AF95055}.Debug|Any CPU.ActiveCfg = Debug|Any CPU
		{47BC37DC-8D21-467F-A4FB-51433AF95055}.Debug|Any CPU.Build.0 = Debug|Any CPU
		{47BC37DC-8D21-467F-A4FB-51433AF95055}.Release|Any CPU.ActiveCfg = Release|Any CPU
		{47BC37DC-8D21-467F-A4FB-51433AF95055}.Release|Any CPU.Build.0 = Release|Any CPU
		{71B8EE9A-82BE-43C9-A990-8A894EBC5AA0}.Debug|Any CPU.ActiveCfg = Debug|Any CPU
		{71B8EE9A-82BE-43C9-A990-8A894EBC5AA0}.Debug|Any CPU.Build.0 = Debug|Any CPU
		{71B8EE9A-82BE-43C9-A990-8A894EBC5AA0}.Release|Any CPU.ActiveCfg = Release|Any CPU
		{71B8EE9A-82BE-43C9-A990-8A894EBC5AA0}.Release|Any CPU.Build.0 = Release|Any CPU
	EndGlobalSection
	GlobalSection(SolutionProperties) = preSolution
		HideSolutionNode = FALSE
	EndGlobalSection
	GlobalSection(ExtensibilityGlobals) = postSolution
		SolutionGuid = {64911EC3-4F76-4D1A-B984-6D2CCE184EC5}
	EndGlobalSection
EndGlobal
